
Microsoft Visual Studio Solution File, Format Version 12.00
# Visual Studio Version 17
VisualStudioVersion = 17.0.31903.59
MinimumVisualStudioVersion = 10.0.40219.1
Project("{2150E333-8FDC-42A3-9474-1A3956D46DE8}") = "Source", "Source", "{B8EFCA5F-814F-285C-A8CB-F00F14650265}"
EndProject
Project("{FAE04EC0-301F-11D3-BF4B-00C04F79EFBC}") = "GameGuild.API", "Source\GameGuild.API\GameGuild.API.csproj", "{5EE32509-E8A2-4D2C-95E6-36C972C75E78}"
EndProject
Project("{2150E333-8FDC-42A3-9474-1A3956D46DE8}") = "Modules", "Modules", "{423B0944-94D7-71CB-2D38-63D14E73FF17}"
EndProject
Project("{FAE04EC0-301F-11D3-BF4B-00C04F79EFBC}") = "GameGuild.SharedKernel", "Source\Modules\GameGuild.SharedKernel\GameGuild.SharedKernel.csproj", "{04651B44-6270-4194-9030-60FBBF493375}"
EndProject
Project("{FAE04EC0-301F-11D3-BF4B-00C04F79EFBC}") = "GameGuild.Authentication", "Source\Modules\GameGuild.Authentication\GameGuild.Authentication.csproj", "{31AB9F55-C9ED-478F-9232-CB758900860A}"
EndProject
Project("{FAE04EC0-301F-11D3-BF4B-00C04F79EFBC}") = "GameGuild.Users", "Source\Modules\GameGuild.Users\GameGuild.Users.csproj", "{BC7A030E-F010-425C-99E7-FB1564547CB5}"
EndProject
Project("{FAE04EC0-301F-11D3-BF4B-00C04F79EFBC}") = "GameGuild.Tenants", "Source\Modules\GameGuild.Tenants\GameGuild.Tenants.csproj", "{F8EC9C10-0A55-46C2-94CA-3B8891E9D09E}"
EndProject
Project("{FAE04EC0-301F-11D3-BF4B-00C04F79EFBC}") = "GameGuild.Features", "Source\Modules\GameGuild.Features\GameGuild.Features.csproj", "{5814A013-882C-4395-A98E-C0A978E4F146}"
EndProject
Project("{FAE04EC0-301F-11D3-BF4B-00C04F79EFBC}") = "GameGuild.Subscriptions", "Source\Modules\GameGuild.Subscriptions\GameGuild.Subscriptions.csproj", "{EA13EAAA-4D02-450B-A1C5-DFA9CBD216DC}"
EndProject
Project("{FAE04EC0-301F-11D3-BF4B-00C04F79EFBC}") = "GameGuild.Billing", "Source\Modules\GameGuild.Billing\GameGuild.Billing.csproj", "{7C50D0E1-9746-4561-8C9B-471AC9880AEB}"
EndProject
Project("{FAE04EC0-301F-11D3-BF4B-00C04F79EFBC}") = "GameGuild.Notifications", "Source\Modules\GameGuild.Notifications\GameGuild.Notifications.csproj", "{C0B13760-BE29-4B7C-A396-5BAC9D8D0662}"
EndProject
Project("{FAE04EC0-301F-11D3-BF4B-00C04F79EFBC}") = "GameGuild.Payments", "Source\Modules\GameGuild.Payments\GameGuild.Payments.csproj", "{37E27D18-FFAA-4CBC-AE9D-C63420348257}"
EndProject
Project("{FAE04EC0-301F-11D3-BF4B-00C04F79EFBC}") = "GameGuild.Resources", "Source\Modules\GameGuild.Resources\GameGuild.Resources.csproj", "{61F2BFC1-0A42-4118-930F-3423626FFC93}"
EndProject
Project("{FAE04EC0-301F-11D3-BF4B-00C04F79EFBC}") = "GameGuild.Permissions", "Source\Modules\GameGuild.Permissions\GameGuild.Permissions.csproj", "{3025B539-FF98-4783-8456-FA2C8DC0C660}"
EndProject
Project("{FAE04EC0-301F-11D3-BF4B-00C04F79EFBC}") = "GameGuild.Audit", "Source\Modules\GameGuild.Audit\GameGuild.Audit.csproj", "{22E480A0-8B62-44A0-9387-33C2A20C488E}"
EndProject
Global
	GlobalSection(SolutionConfigurationPlatforms) = preSolution
		Debug|Any CPU = Debug|Any CPU
		Debug|x64 = Debug|x64
		Debug|x86 = Debug|x86
		Release|Any CPU = Release|Any CPU
		Release|x64 = Release|x64
		Release|x86 = Release|x86
	EndGlobalSection
	GlobalSection(ProjectConfigurationPlatforms) = postSolution
		{5EE32509-E8A2-4D2C-95E6-36C972C75E78}.Debug|Any CPU.ActiveCfg = Debug|Any CPU
		{5EE32509-E8A2-4D2C-95E6-36C972C75E78}.Debug|Any CPU.Build.0 = Debug|Any CPU
		{5EE32509-E8A2-4D2C-95E6-36C972C75E78}.Debug|x64.ActiveCfg = Debug|Any CPU
		{5EE32509-E8A2-4D2C-95E6-36C972C75E78}.Debug|x64.Build.0 = Debug|Any CPU
		{5EE32509-E8A2-4D2C-95E6-36C972C75E78}.Debug|x86.ActiveCfg = Debug|Any CPU
		{5EE32509-E8A2-4D2C-95E6-36C972C75E78}.Debug|x86.Build.0 = Debug|Any CPU
		{5EE32509-E8A2-4D2C-95E6-36C972C75E78}.Release|Any CPU.ActiveCfg = Release|Any CPU
		{5EE32509-E8A2-4D2C-95E6-36C972C75E78}.Release|Any CPU.Build.0 = Release|Any CPU
		{5EE32509-E8A2-4D2C-95E6-36C972C75E78}.Release|x64.ActiveCfg = Release|Any CPU
		{5EE32509-E8A2-4D2C-95E6-36C972C75E78}.Release|x64.Build.0 = Release|Any CPU
		{5EE32509-E8A2-4D2C-95E6-36C972C75E78}.Release|x86.ActiveCfg = Release|Any CPU
		{5EE32509-E8A2-4D2C-95E6-36C972C75E78}.Release|x86.Build.0 = Release|Any CPU
		{04651B44-6270-4194-9030-60FBBF493375}.Debug|Any CPU.ActiveCfg = Debug|Any CPU
		{04651B44-6270-4194-9030-60FBBF493375}.Debug|Any CPU.Build.0 = Debug|Any CPU
		{04651B44-6270-4194-9030-60FBBF493375}.Debug|x64.ActiveCfg = Debug|Any CPU
		{04651B44-6270-4194-9030-60FBBF493375}.Debug|x64.Build.0 = Debug|Any CPU
		{04651B44-6270-4194-9030-60FBBF493375}.Debug|x86.ActiveCfg = Debug|Any CPU
		{04651B44-6270-4194-9030-60FBBF493375}.Debug|x86.Build.0 = Debug|Any CPU
		{04651B44-6270-4194-9030-60FBBF493375}.Release|Any CPU.ActiveCfg = Release|Any CPU
		{04651B44-6270-4194-9030-60FBBF493375}.Release|Any CPU.Build.0 = Release|Any CPU
		{04651B44-6270-4194-9030-60FBBF493375}.Release|x64.ActiveCfg = Release|Any CPU
		{04651B44-6270-4194-9030-60FBBF493375}.Release|x64.Build.0 = Release|Any CPU
		{04651B44-6270-4194-9030-60FBBF493375}.Release|x86.ActiveCfg = Release|Any CPU
		{04651B44-6270-4194-9030-60FBBF493375}.Release|x86.Build.0 = Release|Any CPU
		{31AB9F55-C9ED-478F-9232-CB758900860A}.Debug|Any CPU.ActiveCfg = Debug|Any CPU
		{31AB9F55-C9ED-478F-9232-CB758900860A}.Debug|Any CPU.Build.0 = Debug|Any CPU
		{31AB9F55-C9ED-478F-9232-CB758900860A}.Debug|x64.ActiveCfg = Debug|Any CPU
		{31AB9F55-C9ED-478F-9232-CB758900860A}.Debug|x64.Build.0 = Debug|Any CPU
		{31AB9F55-C9ED-478F-9232-CB758900860A}.Debug|x86.ActiveCfg = Debug|Any CPU
		{31AB9F55-C9ED-478F-9232-CB758900860A}.Debug|x86.Build.0 = Debug|Any CPU
		{31AB9F55-C9ED-478F-9232-CB758900860A}.Release|Any CPU.ActiveCfg = Release|Any CPU
		{31AB9F55-C9ED-478F-9232-CB758900860A}.Release|Any CPU.Build.0 = Release|Any CPU
		{31AB9F55-C9ED-478F-9232-CB758900860A}.Release|x64.ActiveCfg = Release|Any CPU
		{31AB9F55-C9ED-478F-9232-CB758900860A}.Release|x64.Build.0 = Release|Any CPU
		{31AB9F55-C9ED-478F-9232-CB758900860A}.Release|x86.ActiveCfg = Release|Any CPU
		{31AB9F55-C9ED-478F-9232-CB758900860A}.Release|x86.Build.0 = Release|Any CPU
		{BC7A030E-F010-425C-99E7-FB1564547CB5}.Debug|Any CPU.ActiveCfg = Debug|Any CPU
		{BC7A030E-F010-425C-99E7-FB1564547CB5}.Debug|Any CPU.Build.0 = Debug|Any CPU
		{BC7A030E-F010-425C-99E7-FB1564547CB5}.Debug|x64.ActiveCfg = Debug|Any CPU
		{BC7A030E-F010-425C-99E7-FB1564547CB5}.Debug|x64.Build.0 = Debug|Any CPU
		{BC7A030E-F010-425C-99E7-FB1564547CB5}.Debug|x86.ActiveCfg = Debug|Any CPU
		{BC7A030E-F010-425C-99E7-FB1564547CB5}.Debug|x86.Build.0 = Debug|Any CPU
		{BC7A030E-F010-425C-99E7-FB1564547CB5}.Release|Any CPU.ActiveCfg = Release|Any CPU
		{BC7A030E-F010-425C-99E7-FB1564547CB5}.Release|Any CPU.Build.0 = Release|Any CPU
		{BC7A030E-F010-425C-99E7-FB1564547CB5}.Release|x64.ActiveCfg = Release|Any CPU
		{BC7A030E-F010-425C-99E7-FB1564547CB5}.Release|x64.Build.0 = Release|Any CPU
		{BC7A030E-F010-425C-99E7-FB1564547CB5}.Release|x86.ActiveCfg = Release|Any CPU
		{BC7A030E-F010-425C-99E7-FB1564547CB5}.Release|x86.Build.0 = Release|Any CPU
		{F8EC9C10-0A55-46C2-94CA-3B8891E9D09E}.Debug|Any CPU.ActiveCfg = Debug|Any CPU
		{F8EC9C10-0A55-46C2-94CA-3B8891E9D09E}.Debug|Any CPU.Build.0 = Debug|Any CPU
		{F8EC9C10-0A55-46C2-94CA-3B8891E9D09E}.Debug|x64.ActiveCfg = Debug|Any CPU
		{F8EC9C10-0A55-46C2-94CA-3B8891E9D09E}.Debug|x64.Build.0 = Debug|Any CPU
		{F8EC9C10-0A55-46C2-94CA-3B8891E9D09E}.Debug|x86.ActiveCfg = Debug|Any CPU
		{F8EC9C10-0A55-46C2-94CA-3B8891E9D09E}.Debug|x86.Build.0 = Debug|Any CPU
		{F8EC9C10-0A55-46C2-94CA-3B8891E9D09E}.Release|Any CPU.ActiveCfg = Release|Any CPU
		{F8EC9C10-0A55-46C2-94CA-3B8891E9D09E}.Release|Any CPU.Build.0 = Release|Any CPU
		{F8EC9C10-0A55-46C2-94CA-3B8891E9D09E}.Release|x64.ActiveCfg = Release|Any CPU
		{F8EC9C10-0A55-46C2-94CA-3B8891E9D09E}.Release|x64.Build.0 = Release|Any CPU
		{F8EC9C10-0A55-46C2-94CA-3B8891E9D09E}.Release|x86.ActiveCfg = Release|Any CPU
		{F8EC9C10-0A55-46C2-94CA-3B8891E9D09E}.Release|x86.Build.0 = Release|Any CPU
		{5814A013-882C-4395-A98E-C0A978E4F146}.Debug|Any CPU.ActiveCfg = Debug|Any CPU
		{5814A013-882C-4395-A98E-C0A978E4F146}.Debug|Any CPU.Build.0 = Debug|Any CPU
		{5814A013-882C-4395-A98E-C0A978E4F146}.Debug|x64.ActiveCfg = Debug|Any CPU
		{5814A013-882C-4395-A98E-C0A978E4F146}.Debug|x64.Build.0 = Debug|Any CPU
		{5814A013-882C-4395-A98E-C0A978E4F146}.Debug|x86.ActiveCfg = Debug|Any CPU
		{5814A013-882C-4395-A98E-C0A978E4F146}.Debug|x86.Build.0 = Debug|Any CPU
		{5814A013-882C-4395-A98E-C0A978E4F146}.Release|Any CPU.ActiveCfg = Release|Any CPU
		{5814A013-882C-4395-A98E-C0A978E4F146}.Release|Any CPU.Build.0 = Release|Any CPU
		{5814A013-882C-4395-A98E-C0A978E4F146}.Release|x64.ActiveCfg = Release|Any CPU
		{5814A013-882C-4395-A98E-C0A978E4F146}.Release|x64.Build.0 = Release|Any CPU
		{5814A013-882C-4395-A98E-C0A978E4F146}.Release|x86.ActiveCfg = Release|Any CPU
		{5814A013-882C-4395-A98E-C0A978E4F146}.Release|x86.Build.0 = Release|Any CPU
		{EA13EAAA-4D02-450B-A1C5-DFA9CBD216DC}.Debug|Any CPU.ActiveCfg = Debug|Any CPU
		{EA13EAAA-4D02-450B-A1C5-DFA9CBD216DC}.Debug|Any CPU.Build.0 = Debug|Any CPU
		{EA13EAAA-4D02-450B-A1C5-DFA9CBD216DC}.Debug|x64.ActiveCfg = Debug|Any CPU
		{EA13EAAA-4D02-450B-A1C5-DFA9CBD216DC}.Debug|x64.Build.0 = Debug|Any CPU
		{EA13EAAA-4D02-450B-A1C5-DFA9CBD216DC}.Debug|x86.ActiveCfg = Debug|Any CPU
		{EA13EAAA-4D02-450B-A1C5-DFA9CBD216DC}.Debug|x86.Build.0 = Debug|Any CPU
		{EA13EAAA-4D02-450B-A1C5-DFA9CBD216DC}.Release|Any CPU.ActiveCfg = Release|Any CPU
		{EA13EAAA-4D02-450B-A1C5-DFA9CBD216DC}.Release|Any CPU.Build.0 = Release|Any CPU
		{EA13EAAA-4D02-450B-A1C5-DFA9CBD216DC}.Release|x64.ActiveCfg = Release|Any CPU
		{EA13EAAA-4D02-450B-A1C5-DFA9CBD216DC}.Release|x64.Build.0 = Release|Any CPU
		{EA13EAAA-4D02-450B-A1C5-DFA9CBD216DC}.Release|x86.ActiveCfg = Release|Any CPU
		{EA13EAAA-4D02-450B-A1C5-DFA9CBD216DC}.Release|x86.Build.0 = Release|Any CPU
		{7C50D0E1-9746-4561-8C9B-471AC9880AEB}.Debug|Any CPU.ActiveCfg = Debug|Any CPU
		{7C50D0E1-9746-4561-8C9B-471AC9880AEB}.Debug|Any CPU.Build.0 = Debug|Any CPU
		{7C50D0E1-9746-4561-8C9B-471AC9880AEB}.Debug|x64.ActiveCfg = Debug|Any CPU
		{7C50D0E1-9746-4561-8C9B-471AC9880AEB}.Debug|x64.Build.0 = Debug|Any CPU
		{7C50D0E1-9746-4561-8C9B-471AC9880AEB}.Debug|x86.ActiveCfg = Debug|Any CPU
		{7C50D0E1-9746-4561-8C9B-471AC9880AEB}.Debug|x86.Build.0 = Debug|Any CPU
		{7C50D0E1-9746-4561-8C9B-471AC9880AEB}.Release|Any CPU.ActiveCfg = Release|Any CPU
		{7C50D0E1-9746-4561-8C9B-471AC9880AEB}.Release|Any CPU.Build.0 = Release|Any CPU
		{7C50D0E1-9746-4561-8C9B-471AC9880AEB}.Release|x64.ActiveCfg = Release|Any CPU
		{7C50D0E1-9746-4561-8C9B-471AC9880AEB}.Release|x64.Build.0 = Release|Any CPU
		{7C50D0E1-9746-4561-8C9B-471AC9880AEB}.Release|x86.ActiveCfg = Release|Any CPU
		{7C50D0E1-9746-4561-8C9B-471AC9880AEB}.Release|x86.Build.0 = Release|Any CPU
		{C0B13760-BE29-4B7C-A396-5BAC9D8D0662}.Debug|Any CPU.ActiveCfg = Debug|Any CPU
		{C0B13760-BE29-4B7C-A396-5BAC9D8D0662}.Debug|Any CPU.Build.0 = Debug|Any CPU
		{C0B13760-BE29-4B7C-A396-5BAC9D8D0662}.Debug|x64.ActiveCfg = Debug|Any CPU
		{C0B13760-BE29-4B7C-A396-5BAC9D8D0662}.Debug|x64.Build.0 = Debug|Any CPU
		{C0B13760-BE29-4B7C-A396-5BAC9D8D0662}.Debug|x86.ActiveCfg = Debug|Any CPU
		{C0B13760-BE29-4B7C-A396-5BAC9D8D0662}.Debug|x86.Build.0 = Debug|Any CPU
		{C0B13760-BE29-4B7C-A396-5BAC9D8D0662}.Release|Any CPU.ActiveCfg = Release|Any CPU
		{C0B13760-BE29-4B7C-A396-5BAC9D8D0662}.Release|Any CPU.Build.0 = Release|Any CPU
		{C0B13760-BE29-4B7C-A396-5BAC9D8D0662}.Release|x64.ActiveCfg = Release|Any CPU
		{C0B13760-BE29-4B7C-A396-5BAC9D8D0662}.Release|x64.Build.0 = Release|Any CPU
		{C0B13760-BE29-4B7C-A396-5BAC9D8D0662}.Release|x86.ActiveCfg = Release|Any CPU
		{C0B13760-BE29-4B7C-A396-5BAC9D8D0662}.Release|x86.Build.0 = Release|Any CPU
		{37E27D18-FFAA-4CBC-AE9D-C63420348257}.Debug|Any CPU.ActiveCfg = Debug|Any CPU
		{37E27D18-FFAA-4CBC-AE9D-C63420348257}.Debug|Any CPU.Build.0 = Debug|Any CPU
		{37E27D18-FFAA-4CBC-AE9D-C63420348257}.Debug|x64.ActiveCfg = Debug|Any CPU
		{37E27D18-FFAA-4CBC-AE9D-C63420348257}.Debug|x64.Build.0 = Debug|Any CPU
		{37E27D18-FFAA-4CBC-AE9D-C63420348257}.Debug|x86.ActiveCfg = Debug|Any CPU
		{37E27D18-FFAA-4CBC-AE9D-C63420348257}.Debug|x86.Build.0 = Debug|Any CPU
		{37E27D18-FFAA-4CBC-AE9D-C63420348257}.Release|Any CPU.ActiveCfg = Release|Any CPU
		{37E27D18-FFAA-4CBC-AE9D-C63420348257}.Release|Any CPU.Build.0 = Release|Any CPU
		{37E27D18-FFAA-4CBC-AE9D-C63420348257}.Release|x64.ActiveCfg = Release|Any CPU
		{37E27D18-FFAA-4CBC-AE9D-C63420348257}.Release|x64.Build.0 = Release|Any CPU
		{37E27D18-FFAA-4CBC-AE9D-C63420348257}.Release|x86.ActiveCfg = Release|Any CPU
		{37E27D18-FFAA-4CBC-AE9D-C63420348257}.Release|x86.Build.0 = Release|Any CPU
		{61F2BFC1-0A42-4118-930F-3423626FFC93}.Debug|Any CPU.ActiveCfg = Debug|Any CPU
		{61F2BFC1-0A42-4118-930F-3423626FFC93}.Debug|Any CPU.Build.0 = Debug|Any CPU
		{61F2BFC1-0A42-4118-930F-3423626FFC93}.Debug|x64.ActiveCfg = Debug|Any CPU
		{61F2BFC1-0A42-4118-930F-3423626FFC93}.Debug|x64.Build.0 = Debug|Any CPU
		{61F2BFC1-0A42-4118-930F-3423626FFC93}.Debug|x86.ActiveCfg = Debug|Any CPU
		{61F2BFC1-0A42-4118-930F-3423626FFC93}.Debug|x86.Build.0 = Debug|Any CPU
		{61F2BFC1-0A42-4118-930F-3423626FFC93}.Release|Any CPU.ActiveCfg = Release|Any CPU
		{61F2BFC1-0A42-4118-930F-3423626FFC93}.Release|Any CPU.Build.0 = Release|Any CPU
		{61F2BFC1-0A42-4118-930F-3423626FFC93}.Release|x64.ActiveCfg = Release|Any CPU
		{61F2BFC1-0A42-4118-930F-3423626FFC93}.Release|x64.Build.0 = Release|Any CPU
		{61F2BFC1-0A42-4118-930F-3423626FFC93}.Release|x86.ActiveCfg = Release|Any CPU
		{61F2BFC1-0A42-4118-930F-3423626FFC93}.Release|x86.Build.0 = Release|Any CPU
		{3025B539-FF98-4783-8456-FA2C8DC0C660}.Debug|Any CPU.ActiveCfg = Debug|Any CPU
		{3025B539-FF98-4783-8456-FA2C8DC0C660}.Debug|Any CPU.Build.0 = Debug|Any CPU
		{3025B539-FF98-4783-8456-FA2C8DC0C660}.Debug|x64.ActiveCfg = Debug|Any CPU
		{3025B539-FF98-4783-8456-FA2C8DC0C660}.Debug|x64.Build.0 = Debug|Any CPU
		{3025B539-FF98-4783-8456-FA2C8DC0C660}.Debug|x86.ActiveCfg = Debug|Any CPU
		{3025B539-FF98-4783-8456-FA2C8DC0C660}.Debug|x86.Build.0 = Debug|Any CPU
		{3025B539-FF98-4783-8456-FA2C8DC0C660}.Release|Any CPU.ActiveCfg = Release|Any CPU
		{3025B539-FF98-4783-8456-FA2C8DC0C660}.Release|Any CPU.Build.0 = Release|Any CPU
		{3025B539-FF98-4783-8456-FA2C8DC0C660}.Release|x64.ActiveCfg = Release|Any CPU
		{3025B539-FF98-4783-8456-FA2C8DC0C660}.Release|x64.Build.0 = Release|Any CPU
		{3025B539-FF98-4783-8456-FA2C8DC0C660}.Release|x86.ActiveCfg = Release|Any CPU
		{3025B539-FF98-4783-8456-FA2C8DC0C660}.Release|x86.Build.0 = Release|Any CPU
		{22E480A0-8B62-44A0-9387-33C2A20C488E}.Debug|Any CPU.ActiveCfg = Debug|Any CPU
		{22E480A0-8B62-44A0-9387-33C2A20C488E}.Debug|Any CPU.Build.0 = Debug|Any CPU
		{22E480A0-8B62-44A0-9387-33C2A20C488E}.Debug|x64.ActiveCfg = Debug|Any CPU
		{22E480A0-8B62-44A0-9387-33C2A20C488E}.Debug|x64.Build.0 = Debug|Any CPU
		{22E480A0-8B62-44A0-9387-33C2A20C488E}.Debug|x86.ActiveCfg = Debug|Any CPU
		{22E480A0-8B62-44A0-9387-33C2A20C488E}.Debug|x86.Build.0 = Debug|Any CPU
		{22E480A0-8B62-44A0-9387-33C2A20C488E}.Release|Any CPU.ActiveCfg = Release|Any CPU
		{22E480A0-8B62-44A0-9387-33C2A20C488E}.Release|Any CPU.Build.0 = Release|Any CPU
		{22E480A0-8B62-44A0-9387-33C2A20C488E}.Release|x64.ActiveCfg = Release|Any CPU
		{22E480A0-8B62-44A0-9387-33C2A20C488E}.Release|x64.Build.0 = Release|Any CPU
		{22E480A0-8B62-44A0-9387-33C2A20C488E}.Release|x86.ActiveCfg = Release|Any CPU
		{22E480A0-8B62-44A0-9387-33C2A20C488E}.Release|x86.Build.0 = Release|Any CPU
	EndGlobalSection
	GlobalSection(SolutionProperties) = preSolution
		HideSolutionNode = FALSE
	EndGlobalSection
	GlobalSection(NestedProjects) = preSolution
		{5EE32509-E8A2-4D2C-95E6-36C972C75E78} = {B8EFCA5F-814F-285C-A8CB-F00F14650265}
		{423B0944-94D7-71CB-2D38-63D14E73FF17} = {B8EFCA5F-814F-285C-A8CB-F00F14650265}
		{04651B44-6270-4194-9030-60FBBF493375} = {423B0944-94D7-71CB-2D38-63D14E73FF17}
		{31AB9F55-C9ED-478F-9232-CB758900860A} = {423B0944-94D7-71CB-2D38-63D14E73FF17}
		{BC7A030E-F010-425C-99E7-FB1564547CB5} = {423B0944-94D7-71CB-2D38-63D14E73FF17}
		{F8EC9C10-0A55-46C2-94CA-3B8891E9D09E} = {423B0944-94D7-71CB-2D38-63D14E73FF17}
		{5814A013-882C-4395-A98E-C0A978E4F146} = {423B0944-94D7-71CB-2D38-63D14E73FF17}
		{EA13EAAA-4D02-450B-A1C5-DFA9CBD216DC} = {423B0944-94D7-71CB-2D38-63D14E73FF17}
		{7C50D0E1-9746-4561-8C9B-471AC9880AEB} = {423B0944-94D7-71CB-2D38-63D14E73FF17}
		{C0B13760-BE29-4B7C-A396-5BAC9D8D0662} = {423B0944-94D7-71CB-2D38-63D14E73FF17}
		{37E27D18-FFAA-4CBC-AE9D-C63420348257} = {423B0944-94D7-71CB-2D38-63D14E73FF17}
		{61F2BFC1-0A42-4118-930F-3423626FFC93} = {423B0944-94D7-71CB-2D38-63D14E73FF17}
		{3025B539-FF98-4783-8456-FA2C8DC0C660} = {423B0944-94D7-71CB-2D38-63D14E73FF17}
		{22E480A0-8B62-44A0-9387-33C2A20C488E} = {423B0944-94D7-71CB-2D38-63D14E73FF17}
	EndGlobalSection
EndGlobal
