
Microsoft Visual Studio Solution File, Format Version 12.00
Project("{2150E333-8FDC-42A3-9474-1A3956D46DE8}") = "Solution Items", "Solution Items", "{064D9634-968A-4A94-8921-412F7099DF55}"
	ProjectSection(SolutionItems) = preProject
		Directory.Build.props = Directory.Build.props
		Directory.Packages.props = Directory.Packages.props
	EndProjectSection
EndProject
Project("{FAE04EC0-301F-11D3-BF4B-00C04F79EFBC}") = "GameGuild", "GameGuild.csproj", "{CE2E3AB1-0E9D-46F2-8F0B-25C2F0BBE9DD}"
EndProject
Project("{2150E333-8FDC-42A3-9474-1A3956D46DE8}") = "Apps", "Apps", "{B149968F-A20D-4A42-91E3-FA7BFA63D1FB}"
EndProject
Project("{FAE04EC0-301F-11D3-BF4B-00C04F79EFBC}") = "GameGuild.Tests.Tenants.Unit", "Tests\Tenants\Unit\GameGuild.Tests.Tenants.Unit.csproj", "{A59A5096-5650-4792-AE62-0C52898AAD55}"
EndProject
Project("{FAE04EC0-301F-11D3-BF4B-00C04F79EFBC}") = "GameGuild.Tests.Tenants.Integration", "Tests\Tenants\Integration\GameGuild.Tests.Tenants.Integration.csproj", "{891D7A4E-1208-4765-9D7B-E206066AC686}"
EndProject
Project("{FAE04EC0-301F-11D3-BF4B-00C04F79EFBC}") = "GameGuild.Tests.Tenants.Performance", "Tests\Tenants\Performance\GameGuild.Tests.Tenants.Performance.csproj", "{37DDAF0F-A3C4-45E7-9C21-6A668A6E4309}"
EndProject
Project("{FAE04EC0-301F-11D3-BF4B-00C04F79EFBC}") = "GameGuild.Tests.Audit.Unit", "Tests\Audit\Unit\GameGuild.Tests.Audit.Unit.csproj", "{8A1B2C3D-4E5F-6789-ABCD-EF0123456789}"
EndProject
Project("{FAE04EC0-301F-11D3-BF4B-00C04F79EFBC}") = "GameGuild.Tests.Audit.Integration", "Tests\Audit\Integration\GameGuild.Tests.Audit.Integration.csproj", "{8A1B2C3D-4E5F-6789-ABCD-EF012345678A}"
EndProject
Project("{FAE04EC0-301F-11D3-BF4B-00C04F79EFBC}") = "GameGuild.Tests.Audit.Performance", "Tests\Audit\Performance\GameGuild.Tests.Audit.Performance.csproj", "{8A1B2C3D-4E5F-6789-ABCD-EF012345678B}"
EndProject
Project("{FAE04EC0-301F-11D3-BF4B-00C04F79EFBC}") = "GameGuild.Tests.Authentication.Unit", "Tests\Authentication\Unit\GameGuild.Tests.Authentication.Unit.csproj", "{8A1B2C3D-4E5F-6789-ABCD-EF012345678C}"
EndProject
Project("{FAE04EC0-301F-11D3-BF4B-00C04F79EFBC}") = "GameGuild.Tests.Authentication.Integration", "Tests\Authentication\Integration\GameGuild.Tests.Authentication.Integration.csproj", "{8A1B2C3D-4E5F-6789-ABCD-EF012345678D}"
EndProject
Project("{FAE04EC0-301F-11D3-BF4B-00C04F79EFBC}") = "GameGuild.Tests.Authentication.Performance", "Tests\Authentication\Performance\GameGuild.Tests.Authentication.Performance.csproj", "{8A1B2C3D-4E5F-6789-ABCD-EF012345678E}"
EndProject
Project("{FAE04EC0-301F-11D3-BF4B-00C04F79EFBC}") = "GameGuild.Tests.Authorization.Unit", "Tests\Authorization\Unit\GameGuild.Tests.Authorization.Unit.csproj", "{8A1B2C3D-4E5F-6789-ABCD-EF012345678F}"
EndProject
Project("{FAE04EC0-301F-11D3-BF4B-00C04F79EFBC}") = "GameGuild.Tests.Authorization.Integration", "Tests\Authorization\Integration\GameGuild.Tests.Authorization.Integration.csproj", "{8A1B2C3D-4E5F-6789-ABCD-EF0123456790}"
EndProject
Project("{FAE04EC0-301F-11D3-BF4B-00C04F79EFBC}") = "GameGuild.Tests.Authorization.Performance", "Tests\Authorization\Performance\GameGuild.Tests.Authorization.Performance.csproj", "{8A1B2C3D-4E5F-6789-ABCD-EF0123456791}"
EndProject
Project("{FAE04EC0-301F-11D3-BF4B-00C04F79EFBC}") = "GameGuild.Tests.Permissions.Unit", "Tests\Permissions\Unit\GameGuild.Tests.Permissions.Unit.csproj", "{8A1B2C3D-4E5F-6789-ABCD-EF0123456792}"
EndProject
Project("{FAE04EC0-301F-11D3-BF4B-00C04F79EFBC}") = "GameGuild.Tests.Permissions.Integration", "Tests\Permissions\Integration\GameGuild.Tests.Permissions.Integration.csproj", "{8A1B2C3D-4E5F-6789-ABCD-EF0123456793}"
EndProject
Project("{FAE04EC0-301F-11D3-BF4B-00C04F79EFBC}") = "GameGuild.Tests.Permissions.Performance", "Tests\Permissions\Performance\GameGuild.Tests.Permissions.Performance.csproj", "{8A1B2C3D-4E5F-6789-ABCD-EF0123456794}"
EndProject
Project("{FAE04EC0-301F-11D3-BF4B-00C04F79EFBC}") = "GameGuild.Tests.Users.Unit", "Tests\Users\Unit\GameGuild.Tests.Users.Unit.csproj", "{8A1B2C3D-4E5F-6789-ABCD-EF0123456795}"
EndProject
Project("{FAE04EC0-301F-11D3-BF4B-00C04F79EFBC}") = "GameGuild.Tests.Users.Integration", "Tests\Users\Integration\GameGuild.Tests.Users.Integration.csproj", "{8A1B2C3D-4E5F-6789-ABCD-EF0123456796}"
EndProject
Project("{FAE04EC0-301F-11D3-BF4B-00C04F79EFBC}") = "GameGuild.Tests.Users.Performance", "Tests\Users\Performance\GameGuild.Tests.Users.Performance.csproj", "{8A1B2C3D-4E5F-6789-ABCD-EF0123456797}"
EndProject
Project("{FAE04EC0-301F-11D3-BF4B-00C04F79EFBC}") = "GameGuild.Tests.UserProfiles.Unit", "Tests\UserProfiles\Unit\GameGuild.Tests.UserProfiles.Unit.csproj", "{8A1B2C3D-4E5F-6789-ABCD-EF0123456798}"
EndProject
Project("{FAE04EC0-301F-11D3-BF4B-00C04F79EFBC}") = "GameGuild.Tests.UserProfiles.Integration", "Tests\UserProfiles\Integration\GameGuild.Tests.UserProfiles.Integration.csproj", "{8A1B2C3D-4E5F-6789-ABCD-EF0123456799}"
EndProject
Project("{FAE04EC0-301F-11D3-BF4B-00C04F79EFBC}") = "GameGuild.Tests.UserProfiles.Performance", "Tests\UserProfiles\Performance\GameGuild.Tests.UserProfiles.Performance.csproj", "{8A1B2C3D-4E5F-6789-ABCD-EF012345679A}"
EndProject
Project("{FAE04EC0-301F-11D3-BF4B-00C04F79EFBC}") = "GameGuild.Tests.Resources.Unit", "Tests\Resources\Unit\GameGuild.Tests.Resources.Unit.csproj", "{8A1B2C3D-4E5F-6789-ABCD-EF012345679B}"
EndProject
Project("{FAE04EC0-301F-11D3-BF4B-00C04F79EFBC}") = "GameGuild.Tests.Resources.Integration", "Tests\Resources\Integration\GameGuild.Tests.Resources.Integration.csproj", "{8A1B2C3D-4E5F-6789-ABCD-EF012345679C}"
EndProject
Project("{FAE04EC0-301F-11D3-BF4B-00C04F79EFBC}") = "GameGuild.Tests.Resources.Performance", "Tests\Resources\Performance\GameGuild.Tests.Resources.Performance.csproj", "{8A1B2C3D-4E5F-6789-ABCD-EF012345679D}"
EndProject
Project("{FAE04EC0-301F-11D3-BF4B-00C04F79EFBC}") = "GameGuild.Tests.Localization.Unit", "Tests\Localization\Unit\GameGuild.Tests.Localization.Unit.csproj", "{8A1B2C3D-4E5F-6789-ABCD-EF012345679E}"
EndProject
Project("{FAE04EC0-301F-11D3-BF4B-00C04F79EFBC}") = "GameGuild.Tests.Localization.Integration", "Tests\Localization\Integration\GameGuild.Tests.Localization.Integration.csproj", "{8A1B2C3D-4E5F-6789-ABCD-EF012345679F}"
EndProject
Project("{FAE04EC0-301F-11D3-BF4B-00C04F79EFBC}") = "GameGuild.Tests.Localization.Performance", "Tests\Localization\Performance\GameGuild.Tests.Localization.Performance.csproj", "{8A1B2C3D-4E5F-6789-ABCD-EF01234567A0}"
EndProject
Project("{FAE04EC0-301F-11D3-BF4B-00C04F79EFBC}") = "GameGuild.Tests.Credentials.Unit", "Tests\Credentials\Unit\GameGuild.Tests.Credentials.Unit.csproj", "{8A1B2C3D-4E5F-6789-ABCD-EF01234567A1}"
EndProject
Project("{FAE04EC0-301F-11D3-BF4B-00C04F79EFBC}") = "GameGuild.Tests.Credentials.Integration", "Tests\Credentials\Integration\GameGuild.Tests.Credentials.Integration.csproj", "{8A1B2C3D-4E5F-6789-ABCD-EF01234567A2}"
EndProject
Project("{FAE04EC0-301F-11D3-BF4B-00C04F79EFBC}") = "GameGuild.Tests.Credentials.Performance", "Tests\Credentials\Performance\GameGuild.Tests.Credentials.Performance.csproj", "{8A1B2C3D-4E5F-6789-ABCD-EF01234567A3}"
EndProject
Project("{FAE04EC0-301F-11D3-BF4B-00C04F79EFBC}") = "GameGuild.Tests.Contents.Unit", "Tests\Contents\Unit\GameGuild.Tests.Contents.Unit.csproj", "{8A1B2C3D-4E5F-6789-ABCD-EF01234567A4}"
EndProject
Project("{FAE04EC0-301F-11D3-BF4B-00C04F79EFBC}") = "GameGuild.Tests.Contents.Integration", "Tests\Contents\Integration\GameGuild.Tests.Contents.Integration.csproj", "{8A1B2C3D-4E5F-6789-ABCD-EF01234567A5}"
EndProject
Project("{FAE04EC0-301F-11D3-BF4B-00C04F79EFBC}") = "GameGuild.Tests.Contents.Performance", "Tests\Contents\Performance\GameGuild.Tests.Contents.Performance.csproj", "{8A1B2C3D-4E5F-6789-ABCD-EF01234567A6}"
EndProject
Project("{2150E333-8FDC-42A3-9474-1A3956D46DE8}") = "Tests", "Tests", "{3E5E3798-9DEC-4CDB-86F7-0722667D13C5}"
EndProject
Global
	GlobalSection(SolutionConfigurationPlatforms) = preSolution
		Debug|Any CPU = Debug|Any CPU
		Debug|x64 = Debug|x64
		Debug|x86 = Debug|x86
		Release|Any CPU = Release|Any CPU
		Release|x64 = Release|x64
		Release|x86 = Release|x86
	EndGlobalSection
	GlobalSection(ProjectConfigurationPlatforms) = postSolution
		{CE2E3AB1-0E9D-46F2-8F0B-25C2F0BBE9DD}.Debug|Any CPU.ActiveCfg = Debug|Any CPU
		{CE2E3AB1-0E9D-46F2-8F0B-25C2F0BBE9DD}.Debug|Any CPU.Build.0 = Debug|Any CPU
		{CE2E3AB1-0E9D-46F2-8F0B-25C2F0BBE9DD}.Debug|x64.ActiveCfg = Debug|Any CPU
		{CE2E3AB1-0E9D-46F2-8F0B-25C2F0BBE9DD}.Debug|x64.Build.0 = Debug|Any CPU
		{CE2E3AB1-0E9D-46F2-8F0B-25C2F0BBE9DD}.Debug|x86.ActiveCfg = Debug|Any CPU
		{CE2E3AB1-0E9D-46F2-8F0B-25C2F0BBE9DD}.Debug|x86.Build.0 = Debug|Any CPU
		{CE2E3AB1-0E9D-46F2-8F0B-25C2F0BBE9DD}.Release|Any CPU.ActiveCfg = Release|Any CPU
		{CE2E3AB1-0E9D-46F2-8F0B-25C2F0BBE9DD}.Release|Any CPU.Build.0 = Release|Any CPU
		{CE2E3AB1-0E9D-46F2-8F0B-25C2F0BBE9DD}.Release|x64.ActiveCfg = Release|Any CPU
		{CE2E3AB1-0E9D-46F2-8F0B-25C2F0BBE9DD}.Release|x64.Build.0 = Release|Any CPU
		{CE2E3AB1-0E9D-46F2-8F0B-25C2F0BBE9DD}.Release|x86.ActiveCfg = Release|Any CPU
		{CE2E3AB1-0E9D-46F2-8F0B-25C2F0BBE9DD}.Release|x86.Build.0 = Release|Any CPU
		{A59A5096-5650-4792-AE62-0C52898AAD55}.Debug|Any CPU.ActiveCfg = Debug|Any CPU
		{A59A5096-5650-4792-AE62-0C52898AAD55}.Debug|Any CPU.Build.0 = Debug|Any CPU
		{A59A5096-5650-4792-AE62-0C52898AAD55}.Debug|x64.ActiveCfg = Debug|Any CPU
		{A59A5096-5650-4792-AE62-0C52898AAD55}.Debug|x64.Build.0 = Debug|Any CPU
		{A59A5096-5650-4792-AE62-0C52898AAD55}.Debug|x86.ActiveCfg = Debug|Any CPU
		{A59A5096-5650-4792-AE62-0C52898AAD55}.Debug|x86.Build.0 = Debug|Any CPU
		{A59A5096-5650-4792-AE62-0C52898AAD55}.Release|Any CPU.ActiveCfg = Release|Any CPU
		{A59A5096-5650-4792-AE62-0C52898AAD55}.Release|Any CPU.Build.0 = Release|Any CPU
		{A59A5096-5650-4792-AE62-0C52898AAD55}.Release|x64.ActiveCfg = Release|Any CPU
		{A59A5096-5650-4792-AE62-0C52898AAD55}.Release|x64.Build.0 = Release|Any CPU
		{A59A5096-5650-4792-AE62-0C52898AAD55}.Release|x86.ActiveCfg = Release|Any CPU
		{A59A5096-5650-4792-AE62-0C52898AAD55}.Release|x86.Build.0 = Release|Any CPU
		{891D7A4E-1208-4765-9D7B-E206066AC686}.Debug|Any CPU.ActiveCfg = Debug|Any CPU
		{891D7A4E-1208-4765-9D7B-E206066AC686}.Debug|Any CPU.Build.0 = Debug|Any CPU
		{891D7A4E-1208-4765-9D7B-E206066AC686}.Debug|x64.ActiveCfg = Debug|Any CPU
		{891D7A4E-1208-4765-9D7B-E206066AC686}.Debug|x64.Build.0 = Debug|Any CPU
		{891D7A4E-1208-4765-9D7B-E206066AC686}.Debug|x86.ActiveCfg = Debug|Any CPU
		{891D7A4E-1208-4765-9D7B-E206066AC686}.Debug|x86.Build.0 = Debug|Any CPU
		{891D7A4E-1208-4765-9D7B-E206066AC686}.Release|Any CPU.ActiveCfg = Release|Any CPU
		{891D7A4E-1208-4765-9D7B-E206066AC686}.Release|Any CPU.Build.0 = Release|Any CPU
		{891D7A4E-1208-4765-9D7B-E206066AC686}.Release|x64.ActiveCfg = Release|Any CPU
		{891D7A4E-1208-4765-9D7B-E206066AC686}.Release|x64.Build.0 = Release|Any CPU
		{891D7A4E-1208-4765-9D7B-E206066AC686}.Release|x86.ActiveCfg = Release|Any CPU
		{891D7A4E-1208-4765-9D7B-E206066AC686}.Release|x86.Build.0 = Release|Any CPU
		{37DDAF0F-A3C4-45E7-9C21-6A668A6E4309}.Debug|Any CPU.ActiveCfg = Debug|Any CPU
		{37DDAF0F-A3C4-45E7-9C21-6A668A6E4309}.Debug|Any CPU.Build.0 = Debug|Any CPU
		{37DDAF0F-A3C4-45E7-9C21-6A668A6E4309}.Debug|x64.ActiveCfg = Debug|Any CPU
		{37DDAF0F-A3C4-45E7-9C21-6A668A6E4309}.Debug|x64.Build.0 = Debug|Any CPU
		{37DDAF0F-A3C4-45E7-9C21-6A668A6E4309}.Debug|x86.ActiveCfg = Debug|Any CPU
		{37DDAF0F-A3C4-45E7-9C21-6A668A6E4309}.Debug|x86.Build.0 = Debug|Any CPU
		{37DDAF0F-A3C4-45E7-9C21-6A668A6E4309}.Release|Any CPU.ActiveCfg = Release|Any CPU
		{37DDAF0F-A3C4-45E7-9C21-6A668A6E4309}.Release|Any CPU.Build.0 = Release|Any CPU
		{37DDAF0F-A3C4-45E7-9C21-6A668A6E4309}.Release|x64.ActiveCfg = Release|Any CPU
		{37DDAF0F-A3C4-45E7-9C21-6A668A6E4309}.Release|x64.Build.0 = Release|Any CPU
		{37DDAF0F-A3C4-45E7-9C21-6A668A6E4309}.Release|x86.ActiveCfg = Release|Any CPU
		{37DDAF0F-A3C4-45E7-9C21-6A668A6E4309}.Release|x86.Build.0 = Release|Any CPU
		{8A1B2C3D-4E5F-6789-ABCD-EF0123456789}.Debug|Any CPU.ActiveCfg = Debug|Any CPU
		{8A1B2C3D-4E5F-6789-ABCD-EF0123456789}.Debug|Any CPU.Build.0 = Debug|Any CPU
		{8A1B2C3D-4E5F-6789-ABCD-EF0123456789}.Debug|x64.ActiveCfg = Debug|Any CPU
		{8A1B2C3D-4E5F-6789-ABCD-EF0123456789}.Debug|x64.Build.0 = Debug|Any CPU
		{8A1B2C3D-4E5F-6789-ABCD-EF0123456789}.Debug|x86.ActiveCfg = Debug|Any CPU
		{8A1B2C3D-4E5F-6789-ABCD-EF0123456789}.Debug|x86.Build.0 = Debug|Any CPU
		{8A1B2C3D-4E5F-6789-ABCD-EF0123456789}.Release|Any CPU.ActiveCfg = Release|Any CPU
		{8A1B2C3D-4E5F-6789-ABCD-EF0123456789}.Release|Any CPU.Build.0 = Release|Any CPU
		{8A1B2C3D-4E5F-6789-ABCD-EF0123456789}.Release|x64.ActiveCfg = Release|Any CPU
		{8A1B2C3D-4E5F-6789-ABCD-EF0123456789}.Release|x64.Build.0 = Release|Any CPU
		{8A1B2C3D-4E5F-6789-ABCD-EF0123456789}.Release|x86.ActiveCfg = Release|Any CPU
		{8A1B2C3D-4E5F-6789-ABCD-EF0123456789}.Release|x86.Build.0 = Release|Any CPU
		{8A1B2C3D-4E5F-6789-ABCD-EF012345678A}.Debug|Any CPU.ActiveCfg = Debug|Any CPU
		{8A1B2C3D-4E5F-6789-ABCD-EF012345678A}.Debug|Any CPU.Build.0 = Debug|Any CPU
		{8A1B2C3D-4E5F-6789-ABCD-EF012345678A}.Debug|x64.ActiveCfg = Debug|Any CPU
		{8A1B2C3D-4E5F-6789-ABCD-EF012345678A}.Debug|x64.Build.0 = Debug|Any CPU
		{8A1B2C3D-4E5F-6789-ABCD-EF012345678A}.Debug|x86.ActiveCfg = Debug|Any CPU
		{8A1B2C3D-4E5F-6789-ABCD-EF012345678A}.Debug|x86.Build.0 = Debug|Any CPU
		{8A1B2C3D-4E5F-6789-ABCD-EF012345678A}.Release|Any CPU.ActiveCfg = Release|Any CPU
		{8A1B2C3D-4E5F-6789-ABCD-EF012345678A}.Release|Any CPU.Build.0 = Release|Any CPU
		{8A1B2C3D-4E5F-6789-ABCD-EF012345678A}.Release|x64.ActiveCfg = Release|Any CPU
		{8A1B2C3D-4E5F-6789-ABCD-EF012345678A}.Release|x64.Build.0 = Release|Any CPU
		{8A1B2C3D-4E5F-6789-ABCD-EF012345678A}.Release|x86.ActiveCfg = Release|Any CPU
		{8A1B2C3D-4E5F-6789-ABCD-EF012345678A}.Release|x86.Build.0 = Release|Any CPU
		{8A1B2C3D-4E5F-6789-ABCD-EF012345678B}.Debug|Any CPU.ActiveCfg = Debug|Any CPU
		{8A1B2C3D-4E5F-6789-ABCD-EF012345678B}.Debug|Any CPU.Build.0 = Debug|Any CPU
		{8A1B2C3D-4E5F-6789-ABCD-EF012345678B}.Debug|x64.ActiveCfg = Debug|Any CPU
		{8A1B2C3D-4E5F-6789-ABCD-EF012345678B}.Debug|x64.Build.0 = Debug|Any CPU
		{8A1B2C3D-4E5F-6789-ABCD-EF012345678B}.Debug|x86.ActiveCfg = Debug|Any CPU
		{8A1B2C3D-4E5F-6789-ABCD-EF012345678B}.Debug|x86.Build.0 = Debug|Any CPU
		{8A1B2C3D-4E5F-6789-ABCD-EF012345678B}.Release|Any CPU.ActiveCfg = Release|Any CPU
		{8A1B2C3D-4E5F-6789-ABCD-EF012345678B}.Release|Any CPU.Build.0 = Release|Any CPU
		{8A1B2C3D-4E5F-6789-ABCD-EF012345678B}.Release|x64.ActiveCfg = Release|Any CPU
		{8A1B2C3D-4E5F-6789-ABCD-EF012345678B}.Release|x64.Build.0 = Release|Any CPU
		{8A1B2C3D-4E5F-6789-ABCD-EF012345678B}.Release|x86.ActiveCfg = Release|Any CPU
		{8A1B2C3D-4E5F-6789-ABCD-EF012345678B}.Release|x86.Build.0 = Release|Any CPU
		{8A1B2C3D-4E5F-6789-ABCD-EF012345678C}.Debug|Any CPU.ActiveCfg = Debug|Any CPU
		{8A1B2C3D-4E5F-6789-ABCD-EF012345678C}.Debug|Any CPU.Build.0 = Debug|Any CPU
		{8A1B2C3D-4E5F-6789-ABCD-EF012345678C}.Debug|x64.ActiveCfg = Debug|Any CPU
		{8A1B2C3D-4E5F-6789-ABCD-EF012345678C}.Debug|x64.Build.0 = Debug|Any CPU
		{8A1B2C3D-4E5F-6789-ABCD-EF012345678C}.Debug|x86.ActiveCfg = Debug|Any CPU
		{8A1B2C3D-4E5F-6789-ABCD-EF012345678C}.Debug|x86.Build.0 = Debug|Any CPU
		{8A1B2C3D-4E5F-6789-ABCD-EF012345678C}.Release|Any CPU.ActiveCfg = Release|Any CPU
		{8A1B2C3D-4E5F-6789-ABCD-EF012345678C}.Release|Any CPU.Build.0 = Release|Any CPU
		{8A1B2C3D-4E5F-6789-ABCD-EF012345678C}.Release|x64.ActiveCfg = Release|Any CPU
		{8A1B2C3D-4E5F-6789-ABCD-EF012345678C}.Release|x64.Build.0 = Release|Any CPU
		{8A1B2C3D-4E5F-6789-ABCD-EF012345678C}.Release|x86.ActiveCfg = Release|Any CPU
		{8A1B2C3D-4E5F-6789-ABCD-EF012345678C}.Release|x86.Build.0 = Release|Any CPU
		{8A1B2C3D-4E5F-6789-ABCD-EF012345678D}.Debug|Any CPU.ActiveCfg = Debug|Any CPU
		{8A1B2C3D-4E5F-6789-ABCD-EF012345678D}.Debug|Any CPU.Build.0 = Debug|Any CPU
		{8A1B2C3D-4E5F-6789-ABCD-EF012345678D}.Debug|x64.ActiveCfg = Debug|Any CPU
		{8A1B2C3D-4E5F-6789-ABCD-EF012345678D}.Debug|x64.Build.0 = Debug|Any CPU
		{8A1B2C3D-4E5F-6789-ABCD-EF012345678D}.Debug|x86.ActiveCfg = Debug|Any CPU
		{8A1B2C3D-4E5F-6789-ABCD-EF012345678D}.Debug|x86.Build.0 = Debug|Any CPU
		{8A1B2C3D-4E5F-6789-ABCD-EF012345678D}.Release|Any CPU.ActiveCfg = Release|Any CPU
		{8A1B2C3D-4E5F-6789-ABCD-EF012345678D}.Release|Any CPU.Build.0 = Release|Any CPU
		{8A1B2C3D-4E5F-6789-ABCD-EF012345678D}.Release|x64.ActiveCfg = Release|Any CPU
		{8A1B2C3D-4E5F-6789-ABCD-EF012345678D}.Release|x64.Build.0 = Release|Any CPU
		{8A1B2C3D-4E5F-6789-ABCD-EF012345678D}.Release|x86.ActiveCfg = Release|Any CPU
		{8A1B2C3D-4E5F-6789-ABCD-EF012345678D}.Release|x86.Build.0 = Release|Any CPU
		{8A1B2C3D-4E5F-6789-ABCD-EF012345678E}.Debug|Any CPU.ActiveCfg = Debug|Any CPU
		{8A1B2C3D-4E5F-6789-ABCD-EF012345678E}.Debug|Any CPU.Build.0 = Debug|Any CPU
		{8A1B2C3D-4E5F-6789-ABCD-EF012345678E}.Debug|x64.ActiveCfg = Debug|Any CPU
		{8A1B2C3D-4E5F-6789-ABCD-EF012345678E}.Debug|x64.Build.0 = Debug|Any CPU
		{8A1B2C3D-4E5F-6789-ABCD-EF012345678E}.Debug|x86.ActiveCfg = Debug|Any CPU
		{8A1B2C3D-4E5F-6789-ABCD-EF012345678E}.Debug|x86.Build.0 = Debug|Any CPU
		{8A1B2C3D-4E5F-6789-ABCD-EF012345678E}.Release|Any CPU.ActiveCfg = Release|Any CPU
		{8A1B2C3D-4E5F-6789-ABCD-EF012345678E}.Release|Any CPU.Build.0 = Release|Any CPU
		{8A1B2C3D-4E5F-6789-ABCD-EF012345678E}.Release|x64.ActiveCfg = Release|Any CPU
		{8A1B2C3D-4E5F-6789-ABCD-EF012345678E}.Release|x64.Build.0 = Release|Any CPU
		{8A1B2C3D-4E5F-6789-ABCD-EF012345678E}.Release|x86.ActiveCfg = Release|Any CPU
		{8A1B2C3D-4E5F-6789-ABCD-EF012345678E}.Release|x86.Build.0 = Release|Any CPU
		{8A1B2C3D-4E5F-6789-ABCD-EF012345678F}.Debug|Any CPU.ActiveCfg = Debug|Any CPU
		{8A1B2C3D-4E5F-6789-ABCD-EF012345678F}.Debug|Any CPU.Build.0 = Debug|Any CPU
		{8A1B2C3D-4E5F-6789-ABCD-EF012345678F}.Debug|x64.ActiveCfg = Debug|Any CPU
		{8A1B2C3D-4E5F-6789-ABCD-EF012345678F}.Debug|x64.Build.0 = Debug|Any CPU
		{8A1B2C3D-4E5F-6789-ABCD-EF012345678F}.Debug|x86.ActiveCfg = Debug|Any CPU
		{8A1B2C3D-4E5F-6789-ABCD-EF012345678F}.Debug|x86.Build.0 = Debug|Any CPU
		{8A1B2C3D-4E5F-6789-ABCD-EF012345678F}.Release|Any CPU.ActiveCfg = Release|Any CPU
		{8A1B2C3D-4E5F-6789-ABCD-EF012345678F}.Release|Any CPU.Build.0 = Release|Any CPU
		{8A1B2C3D-4E5F-6789-ABCD-EF012345678F}.Release|x64.ActiveCfg = Release|Any CPU
		{8A1B2C3D-4E5F-6789-ABCD-EF012345678F}.Release|x64.Build.0 = Release|Any CPU
		{8A1B2C3D-4E5F-6789-ABCD-EF012345678F}.Release|x86.ActiveCfg = Release|Any CPU
		{8A1B2C3D-4E5F-6789-ABCD-EF012345678F}.Release|x86.Build.0 = Release|Any CPU
		{8A1B2C3D-4E5F-6789-ABCD-EF0123456790}.Debug|Any CPU.ActiveCfg = Debug|Any CPU
		{8A1B2C3D-4E5F-6789-ABCD-EF0123456790}.Debug|Any CPU.Build.0 = Debug|Any CPU
		{8A1B2C3D-4E5F-6789-ABCD-EF0123456790}.Debug|x64.ActiveCfg = Debug|Any CPU
		{8A1B2C3D-4E5F-6789-ABCD-EF0123456790}.Debug|x64.Build.0 = Debug|Any CPU
		{8A1B2C3D-4E5F-6789-ABCD-EF0123456790}.Debug|x86.ActiveCfg = Debug|Any CPU
		{8A1B2C3D-4E5F-6789-ABCD-EF0123456790}.Debug|x86.Build.0 = Debug|Any CPU
		{8A1B2C3D-4E5F-6789-ABCD-EF0123456790}.Release|Any CPU.ActiveCfg = Release|Any CPU
		{8A1B2C3D-4E5F-6789-ABCD-EF0123456790}.Release|Any CPU.Build.0 = Release|Any CPU
		{8A1B2C3D-4E5F-6789-ABCD-EF0123456790}.Release|x64.ActiveCfg = Release|Any CPU
		{8A1B2C3D-4E5F-6789-ABCD-EF0123456790}.Release|x64.Build.0 = Release|Any CPU
		{8A1B2C3D-4E5F-6789-ABCD-EF0123456790}.Release|x86.ActiveCfg = Release|Any CPU
		{8A1B2C3D-4E5F-6789-ABCD-EF0123456790}.Release|x86.Build.0 = Release|Any CPU
		{8A1B2C3D-4E5F-6789-ABCD-EF0123456791}.Debug|Any CPU.ActiveCfg = Debug|Any CPU
		{8A1B2C3D-4E5F-6789-ABCD-EF0123456791}.Debug|Any CPU.Build.0 = Debug|Any CPU
		{8A1B2C3D-4E5F-6789-ABCD-EF0123456791}.Debug|x64.ActiveCfg = Debug|Any CPU
		{8A1B2C3D-4E5F-6789-ABCD-EF0123456791}.Debug|x64.Build.0 = Debug|Any CPU
		{8A1B2C3D-4E5F-6789-ABCD-EF0123456791}.Debug|x86.ActiveCfg = Debug|Any CPU
		{8A1B2C3D-4E5F-6789-ABCD-EF0123456791}.Debug|x86.Build.0 = Debug|Any CPU
		{8A1B2C3D-4E5F-6789-ABCD-EF0123456791}.Release|Any CPU.ActiveCfg = Release|Any CPU
		{8A1B2C3D-4E5F-6789-ABCD-EF0123456791}.Release|Any CPU.Build.0 = Release|Any CPU
		{8A1B2C3D-4E5F-6789-ABCD-EF0123456791}.Release|x64.ActiveCfg = Release|Any CPU
		{8A1B2C3D-4E5F-6789-ABCD-EF0123456791}.Release|x64.Build.0 = Release|Any CPU
		{8A1B2C3D-4E5F-6789-ABCD-EF0123456791}.Release|x86.ActiveCfg = Release|Any CPU
		{8A1B2C3D-4E5F-6789-ABCD-EF0123456791}.Release|x86.Build.0 = Release|Any CPU
		{8A1B2C3D-4E5F-6789-ABCD-EF0123456792}.Debug|Any CPU.ActiveCfg = Debug|Any CPU
		{8A1B2C3D-4E5F-6789-ABCD-EF0123456792}.Debug|Any CPU.Build.0 = Debug|Any CPU
		{8A1B2C3D-4E5F-6789-ABCD-EF0123456792}.Debug|x64.ActiveCfg = Debug|Any CPU
		{8A1B2C3D-4E5F-6789-ABCD-EF0123456792}.Debug|x64.Build.0 = Debug|Any CPU
		{8A1B2C3D-4E5F-6789-ABCD-EF0123456792}.Debug|x86.ActiveCfg = Debug|Any CPU
		{8A1B2C3D-4E5F-6789-ABCD-EF0123456792}.Debug|x86.Build.0 = Debug|Any CPU
		{8A1B2C3D-4E5F-6789-ABCD-EF0123456792}.Release|Any CPU.ActiveCfg = Release|Any CPU
		{8A1B2C3D-4E5F-6789-ABCD-EF0123456792}.Release|Any CPU.Build.0 = Release|Any CPU
		{8A1B2C3D-4E5F-6789-ABCD-EF0123456792}.Release|x64.ActiveCfg = Release|Any CPU
		{8A1B2C3D-4E5F-6789-ABCD-EF0123456792}.Release|x64.Build.0 = Release|Any CPU
		{8A1B2C3D-4E5F-6789-ABCD-EF0123456792}.Release|x86.ActiveCfg = Release|Any CPU
		{8A1B2C3D-4E5F-6789-ABCD-EF0123456792}.Release|x86.Build.0 = Release|Any CPU
		{8A1B2C3D-4E5F-6789-ABCD-EF0123456793}.Debug|Any CPU.ActiveCfg = Debug|Any CPU
		{8A1B2C3D-4E5F-6789-ABCD-EF0123456793}.Debug|Any CPU.Build.0 = Debug|Any CPU
		{8A1B2C3D-4E5F-6789-ABCD-EF0123456793}.Debug|x64.ActiveCfg = Debug|Any CPU
		{8A1B2C3D-4E5F-6789-ABCD-EF0123456793}.Debug|x64.Build.0 = Debug|Any CPU
		{8A1B2C3D-4E5F-6789-ABCD-EF0123456793}.Debug|x86.ActiveCfg = Debug|Any CPU
		{8A1B2C3D-4E5F-6789-ABCD-EF0123456793}.Debug|x86.Build.0 = Debug|Any CPU
		{8A1B2C3D-4E5F-6789-ABCD-EF0123456793}.Release|Any CPU.ActiveCfg = Release|Any CPU
		{8A1B2C3D-4E5F-6789-ABCD-EF0123456793}.Release|Any CPU.Build.0 = Release|Any CPU
		{8A1B2C3D-4E5F-6789-ABCD-EF0123456793}.Release|x64.ActiveCfg = Release|Any CPU
		{8A1B2C3D-4E5F-6789-ABCD-EF0123456793}.Release|x64.Build.0 = Release|Any CPU
		{8A1B2C3D-4E5F-6789-ABCD-EF0123456793}.Release|x86.ActiveCfg = Release|Any CPU
		{8A1B2C3D-4E5F-6789-ABCD-EF0123456793}.Release|x86.Build.0 = Release|Any CPU
		{8A1B2C3D-4E5F-6789-ABCD-EF0123456794}.Debug|Any CPU.ActiveCfg = Debug|Any CPU
		{8A1B2C3D-4E5F-6789-ABCD-EF0123456794}.Debug|Any CPU.Build.0 = Debug|Any CPU
		{8A1B2C3D-4E5F-6789-ABCD-EF0123456794}.Debug|x64.ActiveCfg = Debug|Any CPU
		{8A1B2C3D-4E5F-6789-ABCD-EF0123456794}.Debug|x64.Build.0 = Debug|Any CPU
		{8A1B2C3D-4E5F-6789-ABCD-EF0123456794}.Debug|x86.ActiveCfg = Debug|Any CPU
		{8A1B2C3D-4E5F-6789-ABCD-EF0123456794}.Debug|x86.Build.0 = Debug|Any CPU
		{8A1B2C3D-4E5F-6789-ABCD-EF0123456794}.Release|Any CPU.ActiveCfg = Release|Any CPU
		{8A1B2C3D-4E5F-6789-ABCD-EF0123456794}.Release|Any CPU.Build.0 = Release|Any CPU
		{8A1B2C3D-4E5F-6789-ABCD-EF0123456794}.Release|x64.ActiveCfg = Release|Any CPU
		{8A1B2C3D-4E5F-6789-ABCD-EF0123456794}.Release|x64.Build.0 = Release|Any CPU
		{8A1B2C3D-4E5F-6789-ABCD-EF0123456794}.Release|x86.ActiveCfg = Release|Any CPU
		{8A1B2C3D-4E5F-6789-ABCD-EF0123456794}.Release|x86.Build.0 = Release|Any CPU
		{8A1B2C3D-4E5F-6789-ABCD-EF0123456795}.Debug|Any CPU.ActiveCfg = Debug|Any CPU
		{8A1B2C3D-4E5F-6789-ABCD-EF0123456795}.Debug|Any CPU.Build.0 = Debug|Any CPU
		{8A1B2C3D-4E5F-6789-ABCD-EF0123456795}.Debug|x64.ActiveCfg = Debug|Any CPU
		{8A1B2C3D-4E5F-6789-ABCD-EF0123456795}.Debug|x64.Build.0 = Debug|Any CPU
		{8A1B2C3D-4E5F-6789-ABCD-EF0123456795}.Debug|x86.ActiveCfg = Debug|Any CPU
		{8A1B2C3D-4E5F-6789-ABCD-EF0123456795}.Debug|x86.Build.0 = Debug|Any CPU
		{8A1B2C3D-4E5F-6789-ABCD-EF0123456795}.Release|Any CPU.ActiveCfg = Release|Any CPU
		{8A1B2C3D-4E5F-6789-ABCD-EF0123456795}.Release|Any CPU.Build.0 = Release|Any CPU
		{8A1B2C3D-4E5F-6789-ABCD-EF0123456795}.Release|x64.ActiveCfg = Release|Any CPU
		{8A1B2C3D-4E5F-6789-ABCD-EF0123456795}.Release|x64.Build.0 = Release|Any CPU
		{8A1B2C3D-4E5F-6789-ABCD-EF0123456795}.Release|x86.ActiveCfg = Release|Any CPU
		{8A1B2C3D-4E5F-6789-ABCD-EF0123456795}.Release|x86.Build.0 = Release|Any CPU
		{8A1B2C3D-4E5F-6789-ABCD-EF0123456796}.Debug|Any CPU.ActiveCfg = Debug|Any CPU
		{8A1B2C3D-4E5F-6789-ABCD-EF0123456796}.Debug|Any CPU.Build.0 = Debug|Any CPU
		{8A1B2C3D-4E5F-6789-ABCD-EF0123456796}.Debug|x64.ActiveCfg = Debug|Any CPU
		{8A1B2C3D-4E5F-6789-ABCD-EF0123456796}.Debug|x64.Build.0 = Debug|Any CPU
		{8A1B2C3D-4E5F-6789-ABCD-EF0123456796}.Debug|x86.ActiveCfg = Debug|Any CPU
		{8A1B2C3D-4E5F-6789-ABCD-EF0123456796}.Debug|x86.Build.0 = Debug|Any CPU
		{8A1B2C3D-4E5F-6789-ABCD-EF0123456796}.Release|Any CPU.ActiveCfg = Release|Any CPU
		{8A1B2C3D-4E5F-6789-ABCD-EF0123456796}.Release|Any CPU.Build.0 = Release|Any CPU
		{8A1B2C3D-4E5F-6789-ABCD-EF0123456796}.Release|x64.ActiveCfg = Release|Any CPU
		{8A1B2C3D-4E5F-6789-ABCD-EF0123456796}.Release|x64.Build.0 = Release|Any CPU
		{8A1B2C3D-4E5F-6789-ABCD-EF0123456796}.Release|x86.ActiveCfg = Release|Any CPU
		{8A1B2C3D-4E5F-6789-ABCD-EF0123456796}.Release|x86.Build.0 = Release|Any CPU
		{8A1B2C3D-4E5F-6789-ABCD-EF0123456797}.Debug|Any CPU.ActiveCfg = Debug|Any CPU
		{8A1B2C3D-4E5F-6789-ABCD-EF0123456797}.Debug|Any CPU.Build.0 = Debug|Any CPU
		{8A1B2C3D-4E5F-6789-ABCD-EF0123456797}.Debug|x64.ActiveCfg = Debug|Any CPU
		{8A1B2C3D-4E5F-6789-ABCD-EF0123456797}.Debug|x64.Build.0 = Debug|Any CPU
		{8A1B2C3D-4E5F-6789-ABCD-EF0123456797}.Debug|x86.ActiveCfg = Debug|Any CPU
		{8A1B2C3D-4E5F-6789-ABCD-EF0123456797}.Debug|x86.Build.0 = Debug|Any CPU
		{8A1B2C3D-4E5F-6789-ABCD-EF0123456797}.Release|Any CPU.ActiveCfg = Release|Any CPU
		{8A1B2C3D-4E5F-6789-ABCD-EF0123456797}.Release|Any CPU.Build.0 = Release|Any CPU
		{8A1B2C3D-4E5F-6789-ABCD-EF0123456797}.Release|x64.ActiveCfg = Release|Any CPU
		{8A1B2C3D-4E5F-6789-ABCD-EF0123456797}.Release|x64.Build.0 = Release|Any CPU
		{8A1B2C3D-4E5F-6789-ABCD-EF0123456797}.Release|x86.ActiveCfg = Release|Any CPU
		{8A1B2C3D-4E5F-6789-ABCD-EF0123456797}.Release|x86.Build.0 = Release|Any CPU
	EndGlobalSection
	GlobalSection(SolutionProperties) = preSolution
		HideSolutionNode = FALSE
	EndGlobalSection
	GlobalSection(NestedProjects) = preSolution
		{CE2E3AB1-0E9D-46F2-8F0B-25C2F0BBE9DD} = {B149968F-A20D-4A42-91E3-FA7BFA63D1FB}
		{891D7A4E-1208-4765-9D7B-E206066AC686} = {3E5E3798-9DEC-4CDB-86F7-0722667D13C5}
		{37DDAF0F-A3C4-45E7-9C21-6A668A6E4309} = {3E5E3798-9DEC-4CDB-86F7-0722667D13C5}
		{A59A5096-5650-4792-AE62-0C52898AAD55} = {3E5E3798-9DEC-4CDB-86F7-0722667D13C5}
		{8A1B2C3D-4E5F-6789-ABCD-EF012345678A} = {3E5E3798-9DEC-4CDB-86F7-0722667D13C5}
		{8A1B2C3D-4E5F-6789-ABCD-EF012345678B} = {3E5E3798-9DEC-4CDB-86F7-0722667D13C5}
		{8A1B2C3D-4E5F-6789-ABCD-EF0123456789} = {3E5E3798-9DEC-4CDB-86F7-0722667D13C5}
		{8A1B2C3D-4E5F-6789-ABCD-EF012345678D} = {3E5E3798-9DEC-4CDB-86F7-0722667D13C5}
		{8A1B2C3D-4E5F-6789-ABCD-EF012345678E} = {3E5E3798-9DEC-4CDB-86F7-0722667D13C5}
		{8A1B2C3D-4E5F-6789-ABCD-EF012345678C} = {3E5E3798-9DEC-4CDB-86F7-0722667D13C5}
		{8A1B2C3D-4E5F-6789-ABCD-EF0123456790} = {3E5E3798-9DEC-4CDB-86F7-0722667D13C5}
		{8A1B2C3D-4E5F-6789-ABCD-EF0123456791} = {3E5E3798-9DEC-4CDB-86F7-0722667D13C5}
		{8A1B2C3D-4E5F-6789-ABCD-EF012345678F} = {3E5E3798-9DEC-4CDB-86F7-0722667D13C5}
		{8A1B2C3D-4E5F-6789-ABCD-EF0123456793} = {3E5E3798-9DEC-4CDB-86F7-0722667D13C5}
		{8A1B2C3D-4E5F-6789-ABCD-EF0123456794} = {3E5E3798-9DEC-4CDB-86F7-0722667D13C5}
		{8A1B2C3D-4E5F-6789-ABCD-EF0123456792} = {3E5E3798-9DEC-4CDB-86F7-0722667D13C5}
		{8A1B2C3D-4E5F-6789-ABCD-EF0123456796} = {3E5E3798-9DEC-4CDB-86F7-0722667D13C5}
		{8A1B2C3D-4E5F-6789-ABCD-EF0123456797} = {3E5E3798-9DEC-4CDB-86F7-0722667D13C5}
		{8A1B2C3D-4E5F-6789-ABCD-EF0123456795} = {3E5E3798-9DEC-4CDB-86F7-0722667D13C5}
		{8A1B2C3D-4E5F-6789-ABCD-EF01234567A5} = {3E5E3798-9DEC-4CDB-86F7-0722667D13C5}
		{8A1B2C3D-4E5F-6789-ABCD-EF01234567A6} = {3E5E3798-9DEC-4CDB-86F7-0722667D13C5}
		{8A1B2C3D-4E5F-6789-ABCD-EF01234567A4} = {3E5E3798-9DEC-4CDB-86F7-0722667D13C5}
		{8A1B2C3D-4E5F-6789-ABCD-EF01234567A2} = {3E5E3798-9DEC-4CDB-86F7-0722667D13C5}
		{8A1B2C3D-4E5F-6789-ABCD-EF01234567A3} = {3E5E3798-9DEC-4CDB-86F7-0722667D13C5}
		{8A1B2C3D-4E5F-6789-ABCD-EF01234567A1} = {3E5E3798-9DEC-4CDB-86F7-0722667D13C5}
		{8A1B2C3D-4E5F-6789-ABCD-EF012345679F} = {3E5E3798-9DEC-4CDB-86F7-0722667D13C5}
		{8A1B2C3D-4E5F-6789-ABCD-EF01234567A0} = {3E5E3798-9DEC-4CDB-86F7-0722667D13C5}
		{8A1B2C3D-4E5F-6789-ABCD-EF012345679E} = {3E5E3798-9DEC-4CDB-86F7-0722667D13C5}
		{8A1B2C3D-4E5F-6789-ABCD-EF012345679C} = {3E5E3798-9DEC-4CDB-86F7-0722667D13C5}
		{8A1B2C3D-4E5F-6789-ABCD-EF012345679D} = {3E5E3798-9DEC-4CDB-86F7-0722667D13C5}
		{8A1B2C3D-4E5F-6789-ABCD-EF012345679B} = {3E5E3798-9DEC-4CDB-86F7-0722667D13C5}
		{8A1B2C3D-4E5F-6789-ABCD-EF0123456799} = {3E5E3798-9DEC-4CDB-86F7-0722667D13C5}
		{8A1B2C3D-4E5F-6789-ABCD-EF012345679A} = {3E5E3798-9DEC-4CDB-86F7-0722667D13C5}
		{8A1B2C3D-4E5F-6789-ABCD-EF0123456798} = {3E5E3798-9DEC-4CDB-86F7-0722667D13C5}
	EndGlobalSection
EndGlobal
